{
  "name": "@tawn/lazyops-cli",
  "version": "0.1.2",
  "lockfileVersion": 3,
  "requires": true,
  "packages": {
    "": {
      "name": "@tawn/lazyops-cli",
      "version": "0.1.2",
      "hasInstallScript": true,
      "license": "MIT",
      "dependencies": {
        "@tawn/lazyops-cli": "^0.1.2"
      },
      "bin": {
        "lazyops": "bin/lazyops.js"
      }
    },
    "node_modules/@tawn/lazyops-cli": {
      "version": "0.1.2",
      "resolved": "https://registry.npmjs.org/@tawn/lazyops-cli/-/lazyops-cli-0.1.2.tgz",
      "integrity": "sha512-Mn4NyrZNojwZu7WexWULVigA4Mh9aUQu0vAKD98il+IV6gW819fk/uQ35EVlGFiXFD6oVBWkZLVSDn9u0XGCkg==",
      "hasInstallScript": true,
      "license": "MIT",
      "bin": {
        "lazyops": "bin/lazyops.js"
      }
    }
  }
}
